
Microsoft Visual Studio Solution File, Format Version 12.00
# Visual Studio 15
VisualStudioVersion = 15.0.27130.2020
MinimumVisualStudioVersion = 10.0.40219.1
Project("{FAE04EC0-301F-11D3-BF4B-00C04F79EFBC}") = "Complexx", "Complexx.csproj", "{31E69FBA-4683-4C8B-AB2C-0A92FB162909}"
EndProject
Global
	GlobalSection(SolutionConfigurationPlatforms) = preSolution
		Debug|Any CPU = Debug|Any CPU
		Release|Any CPU = Release|Any CPU
	EndGlobalSection
	GlobalSection(ProjectConfigurationPlatforms) = postSolution
		{31E69FBA-4683-4C8B-AB2C-0A92FB162909}.Debug|Any CPU.ActiveCfg = Debug|Any CPU
		{31E69FBA-4683-4C8B-AB2C-0A92FB162909}.Debug|Any CPU.Build.0 = Debug|Any CPU
		{31E69FBA-4683-4C8B-AB2C-0A92FB162909}.Release|Any CPU.ActiveCfg = Release|Any CPU
		{31E69FBA-4683-4C8B-AB2C-0A92FB162909}.Release|Any CPU.Build.0 = Release|Any CPU
	EndGlobalSection
	GlobalSection(SolutionProperties) = preSolution
		HideSolutionNode = FALSE
	EndGlobalSection
	GlobalSection(ExtensibilityGlobals) = postSolution
		SolutionGuid = {52E3EAD4-995F-4CE4-894C-A4AEB6564A48}
	EndGlobalSection
EndGlobal
