
Microsoft Visual Studio Solution File, Format Version 12.00
# Visual Studio 15
VisualStudioVersion = 15.0.27130.2020
MinimumVisualStudioVersion = 10.0.40219.1
Project("{FAE04EC0-301F-11D3-BF4B-00C04F79EFBC}") = "MinPrime", "MinPrime\MinPrime.csproj", "{CC757AFE-75E1-4442-A291-72AEED158AFD}"
EndProject
Project("{FAE04EC0-301F-11D3-BF4B-00C04F79EFBC}") = "Complex", "Complex\Complex.csproj", "{EE667D08-223D-40B2-82CA-C40D42CD2CE9}"
EndProject
Project("{FAE04EC0-301F-11D3-BF4B-00C04F79EFBC}") = "far2", "far2\far2.csproj", "{24272A45-27A3-4800-8395-451047561BD7}"
EndProject
Global
	GlobalSection(SolutionConfigurationPlatforms) = preSolution
		Debug|Any CPU = Debug|Any CPU
		Release|Any CPU = Release|Any CPU
	EndGlobalSection
	GlobalSection(ProjectConfigurationPlatforms) = postSolution
		{CC757AFE-75E1-4442-A291-72AEED158AFD}.Debug|Any CPU.ActiveCfg = Debug|Any CPU
		{CC757AFE-75E1-4442-A291-72AEED158AFD}.Debug|Any CPU.Build.0 = Debug|Any CPU
		{CC757AFE-75E1-4442-A291-72AEED158AFD}.Release|Any CPU.ActiveCfg = Release|Any CPU
		{CC757AFE-75E1-4442-A291-72AEED158AFD}.Release|Any CPU.Build.0 = Release|Any CPU
		{EE667D08-223D-40B2-82CA-C40D42CD2CE9}.Debug|Any CPU.ActiveCfg = Debug|Any CPU
		{EE667D08-223D-40B2-82CA-C40D42CD2CE9}.Debug|Any CPU.Build.0 = Debug|Any CPU
		{EE667D08-223D-40B2-82CA-C40D42CD2CE9}.Release|Any CPU.ActiveCfg = Release|Any CPU
		{EE667D08-223D-40B2-82CA-C40D42CD2CE9}.Release|Any CPU.Build.0 = Release|Any CPU
		{24272A45-27A3-4800-8395-451047561BD7}.Debug|Any CPU.ActiveCfg = Debug|Any CPU
		{24272A45-27A3-4800-8395-451047561BD7}.Debug|Any CPU.Build.0 = Debug|Any CPU
		{24272A45-27A3-4800-8395-451047561BD7}.Release|Any CPU.ActiveCfg = Release|Any CPU
		{24272A45-27A3-4800-8395-451047561BD7}.Release|Any CPU.Build.0 = Release|Any CPU
	EndGlobalSection
	GlobalSection(SolutionProperties) = preSolution
		HideSolutionNode = FALSE
	EndGlobalSection
	GlobalSection(ExtensibilityGlobals) = postSolution
		SolutionGuid = {8B17120F-6398-4A5C-983A-FB104625277E}
	EndGlobalSection
EndGlobal
